Microsoft Visual Studio Solution File, Format Version 12.00
# Visual Studio 2012
Project("{8BC9CEB8-8B4A-11D0-8D11-00A0C91BC942}") = "vjezba01_02_mini_stub", "vjezba01_02_mini_stub\vjezba01_02_mini_stub.vcxproj", "{7DFD393C-5FAE-431E-80F8-06684D948D12}"
EndProject
Project("{8BC9CEB8-8B4A-11D0-8D11-00A0C91BC942}") = "vjezba01_01_pico_stub", "vjezba01_01_pico_stub\vjezba01_01_pico_stub.vcxproj", "{C865914C-45D2-434B-8375-80883F6439DE}"
EndProject
Project("{8BC9CEB8-8B4A-11D0-8D11-00A0C91BC942}") = "vjezba01_03_andreicek_original", "vjezba01_03_andreicek_original\vjezba01_03_andreicek_original.vcxproj", "{7FA8264E-016E-4490-A38B-CB5F067B8B37}"
EndProject
Project("{8BC9CEB8-8B4A-11D0-8D11-00A0C91BC942}") = "vjezba02_01_timing", "vjezba02_01_timing\vjezba02_01_timing.vcxproj", "{F63985C6-00C3-43AA-B246-FFD4D1CD8247}"
EndProject
Project("{8BC9CEB8-8B4A-11D0-8D11-00A0C91BC942}") = "vjezba02_02_timing_c11", "vjezba02_02_timing_c11\vjezba02_02_timing_c11.vcxproj", "{FB381EBF-FDFC-406E-9639-2BD389BCD6AD}"
EndProject
Global
	GlobalSection(SolutionConfigurationPlatforms) = preSolution
		Debug|Any CPU = Debug|Any CPU
		Debug|Mixed Platforms = Debug|Mixed Platforms
		Debug|Win32 = Debug|Win32
		Release|Any CPU = Release|Any CPU
		Release|Mixed Platforms = Release|Mixed Platforms
		Release|Win32 = Release|Win32
	EndGlobalSection
	GlobalSection(ProjectConfigurationPlatforms) = postSolution
		{7DFD393C-5FAE-431E-80F8-06684D948D12}.Debug|Any CPU.ActiveCfg = Debug|Win32
		{7DFD393C-5FAE-431E-80F8-06684D948D12}.Debug|Mixed Platforms.ActiveCfg = Debug|Win32
		{7DFD393C-5FAE-431E-80F8-06684D948D12}.Debug|Mixed Platforms.Build.0 = Debug|Win32
		{7DFD393C-5FAE-431E-80F8-06684D948D12}.Debug|Win32.ActiveCfg = Debug|Win32
		{7DFD393C-5FAE-431E-80F8-06684D948D12}.Debug|Win32.Build.0 = Debug|Win32
		{7DFD393C-5FAE-431E-80F8-06684D948D12}.Release|Any CPU.ActiveCfg = Release|Win32
		{7DFD393C-5FAE-431E-80F8-06684D948D12}.Release|Mixed Platforms.ActiveCfg = Release|Win32
		{7DFD393C-5FAE-431E-80F8-06684D948D12}.Release|Mixed Platforms.Build.0 = Release|Win32
		{7DFD393C-5FAE-431E-80F8-06684D948D12}.Release|Win32.ActiveCfg = Release|Win32
		{7DFD393C-5FAE-431E-80F8-06684D948D12}.Release|Win32.Build.0 = Release|Win32
		{C865914C-45D2-434B-8375-80883F6439DE}.Debug|Any CPU.ActiveCfg = Debug|Win32
		{C865914C-45D2-434B-8375-80883F6439DE}.Debug|Mixed Platforms.ActiveCfg = Debug|Win32
		{C865914C-45D2-434B-8375-80883F6439DE}.Debug|Mixed Platforms.Build.0 = Debug|Win32
		{C865914C-45D2-434B-8375-80883F6439DE}.Debug|Win32.ActiveCfg = Debug|Win32
		{C865914C-45D2-434B-8375-80883F6439DE}.Debug|Win32.Build.0 = Debug|Win32
		{C865914C-45D2-434B-8375-80883F6439DE}.Release|Any CPU.ActiveCfg = Release|Win32
		{C865914C-45D2-434B-8375-80883F6439DE}.Release|Mixed Platforms.ActiveCfg = Release|Win32
		{C865914C-45D2-434B-8375-80883F6439DE}.Release|Mixed Platforms.Build.0 = Release|Win32
		{C865914C-45D2-434B-8375-80883F6439DE}.Release|Win32.ActiveCfg = Release|Win32
		{C865914C-45D2-434B-8375-80883F6439DE}.Release|Win32.Build.0 = Release|Win32
		{7FA8264E-016E-4490-A38B-CB5F067B8B37}.Debug|Any CPU.ActiveCfg = Debug|Win32
		{7FA8264E-016E-4490-A38B-CB5F067B8B37}.Debug|Mixed Platforms.ActiveCfg = Debug|Win32
		{7FA8264E-016E-4490-A38B-CB5F067B8B37}.Debug|Mixed Platforms.Build.0 = Debug|Win32
		{7FA8264E-016E-4490-A38B-CB5F067B8B37}.Debug|Win32.ActiveCfg = Debug|Win32
		{7FA8264E-016E-4490-A38B-CB5F067B8B37}.Debug|Win32.Build.0 = Debug|Win32
		{7FA8264E-016E-4490-A38B-CB5F067B8B37}.Release|Any CPU.ActiveCfg = Release|Win32
		{7FA8264E-016E-4490-A38B-CB5F067B8B37}.Release|Mixed Platforms.ActiveCfg = Release|Win32
		{7FA8264E-016E-4490-A38B-CB5F067B8B37}.Release|Mixed Platforms.Build.0 = Release|Win32
		{7FA8264E-016E-4490-A38B-CB5F067B8B37}.Release|Win32.ActiveCfg = Release|Win32
		{7FA8264E-016E-4490-A38B-CB5F067B8B37}.Release|Win32.Build.0 = Release|Win32
		{F63985C6-00C3-43AA-B246-FFD4D1CD8247}.Debug|Any CPU.ActiveCfg = Debug|Win32
		{F63985C6-00C3-43AA-B246-FFD4D1CD8247}.Debug|Mixed Platforms.ActiveCfg = Debug|Win32
		{F63985C6-00C3-43AA-B246-FFD4D1CD8247}.Debug|Mixed Platforms.Build.0 = Debug|Win32
		{F63985C6-00C3-43AA-B246-FFD4D1CD8247}.Debug|Win32.ActiveCfg = Debug|Win32
		{F63985C6-00C3-43AA-B246-FFD4D1CD8247}.Debug|Win32.Build.0 = Debug|Win32
		{F63985C6-00C3-43AA-B246-FFD4D1CD8247}.Release|Any CPU.ActiveCfg = Release|Win32
		{F63985C6-00C3-43AA-B246-FFD4D1CD8247}.Release|Mixed Platforms.ActiveCfg = Release|Win32
		{F63985C6-00C3-43AA-B246-FFD4D1CD8247}.Release|Mixed Platforms.Build.0 = Release|Win32
		{F63985C6-00C3-43AA-B246-FFD4D1CD8247}.Release|Win32.ActiveCfg = Release|Win32
		{F63985C6-00C3-43AA-B246-FFD4D1CD8247}.Release|Win32.Build.0 = Release|Win32
		{FB381EBF-FDFC-406E-9639-2BD389BCD6AD}.Debug|Any CPU.ActiveCfg = Debug|Win32
		{FB381EBF-FDFC-406E-9639-2BD389BCD6AD}.Debug|Mixed Platforms.ActiveCfg = Debug|Win32
		{FB381EBF-FDFC-406E-9639-2BD389BCD6AD}.Debug|Mixed Platforms.Build.0 = Debug|Win32
		{FB381EBF-FDFC-406E-9639-2BD389BCD6AD}.Debug|Win32.ActiveCfg = Debug|Win32
		{FB381EBF-FDFC-406E-9639-2BD389BCD6AD}.Debug|Win32.Build.0 = Debug|Win32
		{FB381EBF-FDFC-406E-9639-2BD389BCD6AD}.Release|Any CPU.ActiveCfg = Release|Win32
		{FB381EBF-FDFC-406E-9639-2BD389BCD6AD}.Release|Mixed Platforms.ActiveCfg = Release|Win32
		{FB381EBF-FDFC-406E-9639-2BD389BCD6AD}.Release|Mixed Platforms.Build.0 = Release|Win32
		{FB381EBF-FDFC-406E-9639-2BD389BCD6AD}.Release|Win32.ActiveCfg = Release|Win32
		{FB381EBF-FDFC-406E-9639-2BD389BCD6AD}.Release|Win32.Build.0 = Release|Win32
	EndGlobalSection
	GlobalSection(SolutionProperties) = preSolution
		HideSolutionNode = FALSE
	EndGlobalSection
EndGlobal
