Microsoft Visual Studio Solution File, Format Version 12.00
# Visual Studio 2012
Project("{8BC9CEB8-8B4A-11D0-8D11-00A0C91BC942}") = "lab-01-02-mini_stub", "lab-01-02-mini_stub\lab-01-02-mini_stub.vcxproj", "{7DFD393C-5FAE-431E-80F8-06684D948D12}"
EndProject
Global
	GlobalSection(SolutionConfigurationPlatforms) = preSolution
		Debug|Win32 = Debug|Win32
		Release|Win32 = Release|Win32
	EndGlobalSection
	GlobalSection(ProjectConfigurationPlatforms) = postSolution
		{7DFD393C-5FAE-431E-80F8-06684D948D12}.Debug|Win32.ActiveCfg = Debug|Win32
		{7DFD393C-5FAE-431E-80F8-06684D948D12}.Debug|Win32.Build.0 = Debug|Win32
		{7DFD393C-5FAE-431E-80F8-06684D948D12}.Release|Win32.ActiveCfg = Release|Win32
		{7DFD393C-5FAE-431E-80F8-06684D948D12}.Release|Win32.Build.0 = Release|Win32
	EndGlobalSection
	GlobalSection(SolutionProperties) = preSolution
		HideSolutionNode = FALSE
	EndGlobalSection
EndGlobal
