Microsoft Visual Studio Solution File, Format Version 12.00
# Visual Studio 2012
Project("{8BC9CEB8-8B4A-11D0-8D11-00A0C91BC942}") = "vjezba01_01_pico_stub", "lab-01-01-pico_stub\lab-01-01-pico_stub.vcxproj", "{C865914C-45D2-434B-8375-80883F6439DE}"
EndProject
Global
	GlobalSection(SolutionConfigurationPlatforms) = preSolution
		Debug|Win32 = Debug|Win32
		Release|Win32 = Release|Win32
	EndGlobalSection
	GlobalSection(ProjectConfigurationPlatforms) = postSolution
		{C865914C-45D2-434B-8375-80883F6439DE}.Debug|Win32.ActiveCfg = Debug|Win32
		{C865914C-45D2-434B-8375-80883F6439DE}.Debug|Win32.Build.0 = Debug|Win32
		{C865914C-45D2-434B-8375-80883F6439DE}.Release|Win32.ActiveCfg = Release|Win32
		{C865914C-45D2-434B-8375-80883F6439DE}.Release|Win32.Build.0 = Release|Win32
	EndGlobalSection
	GlobalSection(SolutionProperties) = preSolution
		HideSolutionNode = FALSE
	EndGlobalSection
EndGlobal
